
Microsoft Visual Studio Solution File, Format Version 12.00
# Visual Studio 15
Project("{FAE04EC0-301F-11D3-BF4B-00C04F79EFBC}") = "MidiPlayer.Run", "MidiPlayer.Run.csproj", "{B21DD7B0-8B65-1605-D11F-DD491189DDA0}"
EndProject
Project("{FAE04EC0-301F-11D3-BF4B-00C04F79EFBC}") = "Unity.XR.Interaction.Toolkit.Samples.Hands", "Unity.XR.Interaction.Toolkit.Samples.Hands.csproj", "{AC5B186C-E479-515B-241F-4FE98F541A4F}"
EndProject
Project("{FAE04EC0-301F-11D3-BF4B-00C04F79EFBC}") = "MidiPlayer.Editor", "MidiPlayer.Editor.csproj", "{2D9B9D05-9328-F6DB-800A-3573A083D0CC}"
EndProject
Project("{FAE04EC0-301F-11D3-BF4B-00C04F79EFBC}") = "Unity.XR.Interaction.Toolkit.Samples.StarterAssets", "Unity.XR.Interaction.Toolkit.Samples.StarterAssets.csproj", "{D87B0505-B141-5BCC-0C55-5BCCAAE684A4}"
EndProject
Project("{FAE04EC0-301F-11D3-BF4B-00C04F79EFBC}") = "MidiPlayer.Demo", "MidiPlayer.Demo.csproj", "{1B07AC14-05B8-19A8-C6CA-DFCD6646CF8A}"
EndProject
Project("{FAE04EC0-301F-11D3-BF4B-00C04F79EFBC}") = "Unity.XR.Interaction.Toolkit.Samples.ARStarterAssets", "Unity.XR.Interaction.Toolkit.Samples.ARStarterAssets.csproj", "{F18729D7-992C-9113-E704-291BD30E40B6}"
EndProject
Project("{FAE04EC0-301F-11D3-BF4B-00C04F79EFBC}") = "Assembly-CSharp", "Assembly-CSharp.csproj", "{2BF56FF2-FE62-92F9-A350-E75F71538736}"
EndProject
Project("{FAE04EC0-301F-11D3-BF4B-00C04F79EFBC}") = "Assembly-CSharp-Editor", "Assembly-CSharp-Editor.csproj", "{73BC3CCA-DC18-287E-27FA-72E4615FBE92}"
EndProject
Project("{FAE04EC0-301F-11D3-BF4B-00C04F79EFBC}") = "Unity.XR.Interaction.Toolkit.Samples.Hands.Editor", "Unity.XR.Interaction.Toolkit.Samples.Hands.Editor.csproj", "{DB145348-B8B5-5185-EFF8-8F5EABC713FB}"
EndProject
Project("{FAE04EC0-301F-11D3-BF4B-00C04F79EFBC}") = "Unity.XR.Hands.Samples.VisualizerSample", "Unity.XR.Hands.Samples.VisualizerSample.csproj", "{4C9E5E0D-7324-3588-4CE7-4A2D5CFF8F68}"
EndProject
Project("{FAE04EC0-301F-11D3-BF4B-00C04F79EFBC}") = "Unity.XR.Interaction.Toolkit.Samples.StarterAssets.Editor", "Unity.XR.Interaction.Toolkit.Samples.StarterAssets.Editor.csproj", "{D2B11839-28D6-32B3-A880-84094F91F023}"
EndProject
Project("{FAE04EC0-301F-11D3-BF4B-00C04F79EFBC}") = "Unity.XR.Interaction.Toolkit.Samples.ARStarterAssets.Editor", "Unity.XR.Interaction.Toolkit.Samples.ARStarterAssets.Editor.csproj", "{E6CEA9F6-D3B4-F7A4-EA25-B8548BE65380}"
EndProject
Global
	GlobalSection(SolutionConfigurationPlatforms) = preSolution
		Debug|Any CPU = Debug|Any CPU
		Release|Any CPU = Release|Any CPU
	EndGlobalSection
	GlobalSection(ProjectConfigurationPlatforms) = postSolution
		{B21DD7B0-8B65-1605-D11F-DD491189DDA0}.Debug|Any CPU.ActiveCfg = Debug|Any CPU
		{B21DD7B0-8B65-1605-D11F-DD491189DDA0}.Debug|Any CPU.Build.0 = Debug|Any CPU
		{B21DD7B0-8B65-1605-D11F-DD491189DDA0}.Release|Any CPU.ActiveCfg = Release|Any CPU
		{B21DD7B0-8B65-1605-D11F-DD491189DDA0}.Release|Any CPU.Build.0 = Release|Any CPU
		{AC5B186C-E479-515B-241F-4FE98F541A4F}.Debug|Any CPU.ActiveCfg = Debug|Any CPU
		{AC5B186C-E479-515B-241F-4FE98F541A4F}.Debug|Any CPU.Build.0 = Debug|Any CPU
		{AC5B186C-E479-515B-241F-4FE98F541A4F}.Release|Any CPU.ActiveCfg = Release|Any CPU
		{AC5B186C-E479-515B-241F-4FE98F541A4F}.Release|Any CPU.Build.0 = Release|Any CPU
		{2D9B9D05-9328-F6DB-800A-3573A083D0CC}.Debug|Any CPU.ActiveCfg = Debug|Any CPU
		{2D9B9D05-9328-F6DB-800A-3573A083D0CC}.Debug|Any CPU.Build.0 = Debug|Any CPU
		{2D9B9D05-9328-F6DB-800A-3573A083D0CC}.Release|Any CPU.ActiveCfg = Release|Any CPU
		{2D9B9D05-9328-F6DB-800A-3573A083D0CC}.Release|Any CPU.Build.0 = Release|Any CPU
		{D87B0505-B141-5BCC-0C55-5BCCAAE684A4}.Debug|Any CPU.ActiveCfg = Debug|Any CPU
		{D87B0505-B141-5BCC-0C55-5BCCAAE684A4}.Debug|Any CPU.Build.0 = Debug|Any CPU
		{D87B0505-B141-5BCC-0C55-5BCCAAE684A4}.Release|Any CPU.ActiveCfg = Release|Any CPU
		{D87B0505-B141-5BCC-0C55-5BCCAAE684A4}.Release|Any CPU.Build.0 = Release|Any CPU
		{1B07AC14-05B8-19A8-C6CA-DFCD6646CF8A}.Debug|Any CPU.ActiveCfg = Debug|Any CPU
		{1B07AC14-05B8-19A8-C6CA-DFCD6646CF8A}.Debug|Any CPU.Build.0 = Debug|Any CPU
		{1B07AC14-05B8-19A8-C6CA-DFCD6646CF8A}.Release|Any CPU.ActiveCfg = Release|Any CPU
		{1B07AC14-05B8-19A8-C6CA-DFCD6646CF8A}.Release|Any CPU.Build.0 = Release|Any CPU
		{F18729D7-992C-9113-E704-291BD30E40B6}.Debug|Any CPU.ActiveCfg = Debug|Any CPU
		{F18729D7-992C-9113-E704-291BD30E40B6}.Debug|Any CPU.Build.0 = Debug|Any CPU
		{F18729D7-992C-9113-E704-291BD30E40B6}.Release|Any CPU.ActiveCfg = Release|Any CPU
		{F18729D7-992C-9113-E704-291BD30E40B6}.Release|Any CPU.Build.0 = Release|Any CPU
		{2BF56FF2-FE62-92F9-A350-E75F71538736}.Debug|Any CPU.ActiveCfg = Debug|Any CPU
		{2BF56FF2-FE62-92F9-A350-E75F71538736}.Debug|Any CPU.Build.0 = Debug|Any CPU
		{2BF56FF2-FE62-92F9-A350-E75F71538736}.Release|Any CPU.ActiveCfg = Release|Any CPU
		{2BF56FF2-FE62-92F9-A350-E75F71538736}.Release|Any CPU.Build.0 = Release|Any CPU
		{73BC3CCA-DC18-287E-27FA-72E4615FBE92}.Debug|Any CPU.ActiveCfg = Debug|Any CPU
		{73BC3CCA-DC18-287E-27FA-72E4615FBE92}.Debug|Any CPU.Build.0 = Debug|Any CPU
		{73BC3CCA-DC18-287E-27FA-72E4615FBE92}.Release|Any CPU.ActiveCfg = Release|Any CPU
		{73BC3CCA-DC18-287E-27FA-72E4615FBE92}.Release|Any CPU.Build.0 = Release|Any CPU
		{DB145348-B8B5-5185-EFF8-8F5EABC713FB}.Debug|Any CPU.ActiveCfg = Debug|Any CPU
		{DB145348-B8B5-5185-EFF8-8F5EABC713FB}.Debug|Any CPU.Build.0 = Debug|Any CPU
		{DB145348-B8B5-5185-EFF8-8F5EABC713FB}.Release|Any CPU.ActiveCfg = Release|Any CPU
		{DB145348-B8B5-5185-EFF8-8F5EABC713FB}.Release|Any CPU.Build.0 = Release|Any CPU
		{4C9E5E0D-7324-3588-4CE7-4A2D5CFF8F68}.Debug|Any CPU.ActiveCfg = Debug|Any CPU
		{4C9E5E0D-7324-3588-4CE7-4A2D5CFF8F68}.Debug|Any CPU.Build.0 = Debug|Any CPU
		{4C9E5E0D-7324-3588-4CE7-4A2D5CFF8F68}.Release|Any CPU.ActiveCfg = Release|Any CPU
		{4C9E5E0D-7324-3588-4CE7-4A2D5CFF8F68}.Release|Any CPU.Build.0 = Release|Any CPU
		{D2B11839-28D6-32B3-A880-84094F91F023}.Debug|Any CPU.ActiveCfg = Debug|Any CPU
		{D2B11839-28D6-32B3-A880-84094F91F023}.Debug|Any CPU.Build.0 = Debug|Any CPU
		{D2B11839-28D6-32B3-A880-84094F91F023}.Release|Any CPU.ActiveCfg = Release|Any CPU
		{D2B11839-28D6-32B3-A880-84094F91F023}.Release|Any CPU.Build.0 = Release|Any CPU
		{E6CEA9F6-D3B4-F7A4-EA25-B8548BE65380}.Debug|Any CPU.ActiveCfg = Debug|Any CPU
		{E6CEA9F6-D3B4-F7A4-EA25-B8548BE65380}.Debug|Any CPU.Build.0 = Debug|Any CPU
		{E6CEA9F6-D3B4-F7A4-EA25-B8548BE65380}.Release|Any CPU.ActiveCfg = Release|Any CPU
		{E6CEA9F6-D3B4-F7A4-EA25-B8548BE65380}.Release|Any CPU.Build.0 = Release|Any CPU
	EndGlobalSection
	GlobalSection(SolutionProperties) = preSolution
		HideSolutionNode = FALSE
	EndGlobalSection
EndGlobal
